// !$*UTF8*$!
{
	archiveVersion = 1;
	classes = {
	};
	objectVersion = 55;
	objects = {

/* Begin PBXBuildFile section */
		52C34EAB29727D420043876D /* InfiniteCalendar in Frameworks */ = {isa = PBXBuildFile; productRef = 52C34EAA29727D420043876D /* InfiniteCalendar */; };
		52C34EAD29727E0B0043876D /* Calendar.swift in Sources */ = {isa = PBXBuildFile; fileRef = 52C34EAC29727E0B0043876D /* Calendar.swift */; };
		FF4FFF4A26FD87F0008525F6 /* PageTabViewStyleSampleApp.swift in Sources */ = {isa = PBXBuildFile; fileRef = FF4FFF4926FD87F0008525F6 /* PageTabViewStyleSampleApp.swift */; };
		FF4FFF4C26FD87F0008525F6 /* ContentView.swift in Sources */ = {isa = PBXBuildFile; fileRef = FF4FFF4B26FD87F0008525F6 /* ContentView.swift */; };
		FF4FFF4E26FD87F9008525F6 /* Assets.xcassets in Resources */ = {isa = PBXBuildFile; fileRef = FF4FFF4D26FD87F9008525F6 /* Assets.xcassets */; };
		FF4FFF5126FD87F9008525F6 /* Preview Assets.xcassets in Resources */ = {isa = PBXBuildFile; fileRef = FF4FFF5026FD87F9008525F6 /* Preview Assets.xcassets */; };
/* End PBXBuildFile section */

/* Begin PBXFileReference section */
		52C34EAC29727E0B0043876D /* Calendar.swift */ = {isa = PBXFileReference; lastKnownFileType = sourcecode.swift; path = Calendar.swift; sourceTree = "<group>"; };
		FF4FFF4626FD87F0008525F6 /* PageTabViewStyleSample.app */ = {isa = PBXFileReference; explicitFileType = wrapper.application; includeInIndex = 0; path = PageTabViewStyleSample.app; sourceTree = BUILT_PRODUCTS_DIR; };
		FF4FFF4926FD87F0008525F6 /* PageTabViewStyleSampleApp.swift */ = {isa = PBXFileReference; lastKnownFileType = sourcecode.swift; path = PageTabViewStyleSampleApp.swift; sourceTree = "<group>"; };
		FF4FFF4B26FD87F0008525F6 /* ContentView.swift */ = {isa = PBXFileReference; lastKnownFileType = sourcecode.swift; path = ContentView.swift; sourceTree = "<group>"; };
		FF4FFF4D26FD87F9008525F6 /* Assets.xcassets */ = {isa = PBXFileReference; lastKnownFileType = folder.assetcatalog; path = Assets.xcassets; sourceTree = "<group>"; };
		FF4FFF5026FD87F9008525F6 /* Preview Assets.xcassets */ = {isa = PBXFileReference; lastKnownFileType = folder.assetcatalog; path = "Preview Assets.xcassets"; sourceTree = "<group>"; };
/* End PBXFileReference section */

/* Begin PBXFrameworksBuildPhase section */
		FF4FFF4326FD87F0008525F6 /* Frameworks */ = {
			isa = PBXFrameworksBuildPhase;
			buildActionMask = 2147483647;
			files = (
				52C34EAB29727D420043876D /* InfiniteCalendar in Frameworks */,
			);
			runOnlyForDeploymentPostprocessing = 0;
		};
/* End PBXFrameworksBuildPhase section */

/* Begin PBXGroup section */
		FF4FFF3D26FD87F0008525F6 = {
			isa = PBXGroup;
			children = (
				FF4FFF4826FD87F0008525F6 /* PageTabViewStyleSample */,
				FF4FFF4726FD87F0008525F6 /* Products */,
			);
			sourceTree = "<group>";
		};
		FF4FFF4726FD87F0008525F6 /* Products */ = {
			isa = PBXGroup;
			children = (
				FF4FFF4626FD87F0008525F6 /* PageTabViewStyleSample.app */,
			);
			name = Products;
			sourceTree = "<group>";
		};
		FF4FFF4826FD87F0008525F6 /* PageTabViewStyleSample */ = {
			isa = PBXGroup;
			children = (
				FF4FFF4926FD87F0008525F6 /* PageTabViewStyleSampleApp.swift */,
				FF4FFF4B26FD87F0008525F6 /* ContentView.swift */,
				FF4FFF4D26FD87F9008525F6 /* Assets.xcassets */,
				FF4FFF4F26FD87F9008525F6 /* Preview Content */,
				52C34EAC29727E0B0043876D /* Calendar.swift */,
			);
			path = PageTabViewStyleSample;
			sourceTree = "<group>";
		};
		FF4FFF4F26FD87F9008525F6 /* Preview Content */ = {
			isa = PBXGroup;
			children = (
				FF4FFF5026FD87F9008525F6 /* Preview Assets.xcassets */,
			);
			path = "Preview Content";
			sourceTree = "<group>";
		};
/* End PBXGroup section */

/* Begin PBXNativeTarget section */
		FF4FFF4526FD87F0008525F6 /* PageTabViewStyleSample */ = {
			isa = PBXNativeTarget;
			buildConfigurationList = FF4FFF5426FD87F9008525F6 /* Build configuration list for PBXNativeTarget "PageTabViewStyleSample" */;
			buildPhases = (
				FF4FFF4226FD87F0008525F6 /* Sources */,
				FF4FFF4326FD87F0008525F6 /* Frameworks */,
				FF4FFF4426FD87F0008525F6 /* Resources */,
			);
			buildRules = (
			);
			dependencies = (
			);
			name = PageTabViewStyleSample;
			packageProductDependencies = (
				52C34EAA29727D420043876D /* InfiniteCalendar */,
			);
			productName = PageTabViewStyleSample;
			productReference = FF4FFF4626FD87F0008525F6 /* PageTabViewStyleSample.app */;
			productType = "com.apple.product-type.application";
		};
/* End PBXNativeTarget section */

/* Begin PBXProject section */
		FF4FFF3E26FD87F0008525F6 /* Project object */ = {
			isa = PBXProject;
			attributes = {
				BuildIndependentTargetsInParallel = 1;
				LastSwiftUpdateCheck = 1300;
				LastUpgradeCheck = 1300;
				TargetAttributes = {
					FF4FFF4526FD87F0008525F6 = {
						CreatedOnToolsVersion = 13.0;
					};
				};
			};
			buildConfigurationList = FF4FFF4126FD87F0008525F6 /* Build configuration list for PBXProject "PageTabViewStyleSample" */;
			compatibilityVersion = "Xcode 13.0";
			developmentRegion = en;
			hasScannedForEncodings = 0;
			knownRegions = (
				en,
				Base,
			);
			mainGroup = FF4FFF3D26FD87F0008525F6;
			packageReferences = (
				52C34EA929727D420043876D /* XCRemoteSwiftPackageReference "InfiniteCalendar" */,
			);
			productRefGroup = FF4FFF4726FD87F0008525F6 /* Products */;
			projectDirPath = "";
			projectRoot = "";
			targets = (
				FF4FFF4526FD87F0008525F6 /* PageTabViewStyleSample */,
			);
		};
/* End PBXProject section */

/* Begin PBXResourcesBuildPhase section */
		FF4FFF4426FD87F0008525F6 /* Resources */ = {
			isa = PBXResourcesBuildPhase;
			buildActionMask = 2147483647;
			files = (
				FF4FFF5126FD87F9008525F6 /* Preview Assets.xcassets in Resources */,
				FF4FFF4E26FD87F9008525F6 /* Assets.xcassets in Resources */,
			);
			runOnlyForDeploymentPostprocessing = 0;
		};
/* End PBXResourcesBuildPhase section */

/* Begin PBXSourcesBuildPhase section */
		FF4FFF4226FD87F0008525F6 /* Sources */ = {
			isa = PBXSourcesBuildPhase;
			buildActionMask = 2147483647;
			files = (
				FF4FFF4C26FD87F0008525F6 /* ContentView.swift in Sources */,
				52C34EAD29727E0B0043876D /* Calendar.swift in Sources */,
				FF4FFF4A26FD87F0008525F6 /* PageTabViewStyleSampleApp.swift in Sources */,
			);
			runOnlyForDeploymentPostprocessing = 0;
		};
/* End PBXSourcesBuildPhase section */

/* Begin XCBuildConfiguration section */
		FF4FFF5226FD87F9008525F6 /* Debug */ = {
			isa = XCBuildConfiguration;
			buildSettings = {
				ALWAYS_SEARCH_USER_PATHS = NO;
				CLANG_ANALYZER_NONNULL = YES;
				CLANG_ANALYZER_NUMBER_OBJECT_CONVERSION = YES_AGGRESSIVE;
				CLANG_CXX_LANGUAGE_STANDARD = "gnu++17";
				CLANG_CXX_LIBRARY = "libc++";
				CLANG_ENABLE_MODULES = YES;
				CLANG_ENABLE_OBJC_ARC = YES;
				CLANG_ENABLE_OBJC_WEAK = YES;
				CLANG_WARN_BLOCK_CAPTURE_AUTORELEASING = YES;
				CLANG_WARN_BOOL_CONVERSION = YES;
				CLANG_WARN_COMMA = YES;
				CLANG_WARN_CONSTANT_CONVERSION = YES;
				CLANG_WARN_DEPRECATED_OBJC_IMPLEMENTATIONS = YES;
				CLANG_WARN_DIRECT_OBJC_ISA_USAGE = YES_ERROR;
				CLANG_WARN_DOCUMENTATION_COMMENTS = YES;
				CLANG_WARN_EMPTY_BODY = YES;
				CLANG_WARN_ENUM_CONVERSION = YES;
				CLANG_WARN_INFINITE_RECURSION = YES;
				CLANG_WARN_INT_CONVERSION = YES;
				CLANG_WARN_NON_LITERAL_NULL_CONVERSION = YES;
				CLANG_WARN_OBJC_IMPLICIT_RETAIN_SELF = YES;
				CLANG_WARN_OBJC_LITERAL_CONVERSION = YES;
				CLANG_WARN_OBJC_ROOT_CLASS = YES_ERROR;
				CLANG_WARN_QUOTED_INCLUDE_IN_FRAMEWORK_HEADER = YES;
				CLANG_WARN_RANGE_LOOP_ANALYSIS = YES;
				CLANG_WARN_STRICT_PROTOTYPES = YES;
				CLANG_WARN_SUSPICIOUS_MOVE = YES;
				CLANG_WARN_UNGUARDED_AVAILABILITY = YES_AGGRESSIVE;
				CLANG_WARN_UNREACHABLE_CODE = YES;
				CLANG_WARN__DUPLICATE_METHOD_MATCH = YES;
				COPY_PHASE_STRIP = NO;
				DEBUG_INFORMATION_FORMAT = dwarf;
				ENABLE_STRICT_OBJC_MSGSEND = YES;
				ENABLE_TESTABILITY = YES;
				GCC_C_LANGUAGE_STANDARD = gnu11;
				GCC_DYNAMIC_NO_PIC = NO;
				GCC_NO_COMMON_BLOCKS = YES;
				GCC_OPTIMIZATION_LEVEL = 0;
				GCC_PREPROCESSOR_DEFINITIONS = (
					"DEBUG=1",
					"$(inherited)",
				);
				GCC_WARN_64_TO_32_BIT_CONVERSION = YES;
				GCC_WARN_ABOUT_RETURN_TYPE = YES_ERROR;
				GCC_WARN_UNDECLARED_SELECTOR = YES;
				GCC_WARN_UNINITIALIZED_AUTOS = YES_AGGRESSIVE;
				GCC_WARN_UNUSED_FUNCTION = YES;
				GCC_WARN_UNUSED_VARIABLE = YES;
				IPHONEOS_DEPLOYMENT_TARGET = 15.0;
				MTL_ENABLE_DEBUG_INFO = INCLUDE_SOURCE;
				MTL_FAST_MATH = YES;
				ONLY_ACTIVE_ARCH = YES;
				SDKROOT = iphoneos;
				SWIFT_ACTIVE_COMPILATION_CONDITIONS = DEBUG;
				SWIFT_OPTIMIZATION_LEVEL = "-Onone";
			};
			name = Debug;
		};
		FF4FFF5326FD87F9008525F6 /* Release */ = {
			isa = XCBuildConfiguration;
			buildSettings = {
				ALWAYS_SEARCH_USER_PATHS = NO;
				CLANG_ANALYZER_NONNULL = YES;
				CLANG_ANALYZER_NUMBER_OBJECT_CONVERSION = YES_AGGRESSIVE;
				CLANG_CXX_LANGUAGE_STANDARD = "gnu++17";
				CLANG_CXX_LIBRARY = "libc++";
				CLANG_ENABLE_MODULES = YES;
				CLANG_ENABLE_OBJC_ARC = YES;
				CLANG_ENABLE_OBJC_WEAK = YES;
				CLANG_WARN_BLOCK_CAPTURE_AUTORELEASING = YES;
				CLANG_WARN_BOOL_CONVERSION = YES;
				CLANG_WARN_COMMA = YES;
				CLANG_WARN_CONSTANT_CONVERSION = YES;
				CLANG_WARN_DEPRECATED_OBJC_IMPLEMENTATIONS = YES;
				CLANG_WARN_DIRECT_OBJC_ISA_USAGE = YES_ERROR;
				CLANG_WARN_DOCUMENTATION_COMMENTS = YES;
				CLANG_WARN_EMPTY_BODY = YES;
				CLANG_WARN_ENUM_CONVERSION = YES;
				CLANG_WARN_INFINITE_RECURSION = YES;
				CLANG_WARN_INT_CONVERSION = YES;
				CLANG_WARN_NON_LITERAL_NULL_CONVERSION = YES;
				CLANG_WARN_OBJC_IMPLICIT_RETAIN_SELF = YES;
				CLANG_WARN_OBJC_LITERAL_CONVERSION = YES;
				CLANG_WARN_OBJC_ROOT_CLASS = YES_ERROR;
				CLANG_WARN_QUOTED_INCLUDE_IN_FRAMEWORK_HEADER = YES;
				CLANG_WARN_RANGE_LOOP_ANALYSIS = YES;
				CLANG_WARN_STRICT_PROTOTYPES = YES;
				CLANG_WARN_SUSPICIOUS_MOVE = YES;
				CLANG_WARN_UNGUARDED_AVAILABILITY = YES_AGGRESSIVE;
				CLANG_WARN_UNREACHABLE_CODE = YES;
				CLANG_WARN__DUPLICATE_METHOD_MATCH = YES;
				COPY_PHASE_STRIP = NO;
				DEBUG_INFORMATION_FORMAT = "dwarf-with-dsym";
				ENABLE_NS_ASSERTIONS = NO;
				ENABLE_STRICT_OBJC_MSGSEND = YES;
				GCC_C_LANGUAGE_STANDARD = gnu11;
				GCC_NO_COMMON_BLOCKS = YES;
				GCC_WARN_64_TO_32_BIT_CONVERSION = YES;
				GCC_WARN_ABOUT_RETURN_TYPE = YES_ERROR;
				GCC_WARN_UNDECLARED_SELECTOR = YES;
				GCC_WARN_UNINITIALIZED_AUTOS = YES_AGGRESSIVE;
				GCC_WARN_UNUSED_FUNCTION = YES;
				GCC_WARN_UNUSED_VARIABLE = YES;
				IPHONEOS_DEPLOYMENT_TARGET = 15.0;
				MTL_ENABLE_DEBUG_INFO = NO;
				MTL_FAST_MATH = YES;
				SDKROOT = iphoneos;
				SWIFT_COMPILATION_MODE = wholemodule;
				SWIFT_OPTIMIZATION_LEVEL = "-O";
				VALIDATE_PRODUCT = YES;
			};
			name = Release;
		};
		FF4FFF5526FD87F9008525F6 /* Debug */ = {
			isa = XCBuildConfiguration;
			buildSettings = {
				ASSETCATALOG_COMPILER_APPICON_NAME = AppIcon;
				ASSETCATALOG_COMPILER_GLOBAL_ACCENT_COLOR_NAME = AccentColor;
				CODE_SIGN_STYLE = Automatic;
				CURRENT_PROJECT_VERSION = 1;
				DEVELOPMENT_ASSET_PATHS = "\"PageTabViewStyleSample/Preview Content\"";
				DEVELOPMENT_TEAM = EV28Y3W68P;
				ENABLE_PREVIEWS = YES;
				GENERATE_INFOPLIST_FILE = YES;
				INFOPLIST_KEY_UIApplicationSceneManifest_Generation = YES;
				INFOPLIST_KEY_UIApplicationSupportsIndirectInputEvents = YES;
				INFOPLIST_KEY_UILaunchScreen_Generation = YES;
				INFOPLIST_KEY_UISupportedInterfaceOrientations_iPad = "UIInterfaceOrientationPortrait UIInterfaceOrientationPortraitUpsideDown UIInterfaceOrientationLandscapeLeft UIInterfaceOrientationLandscapeRight";
				INFOPLIST_KEY_UISupportedInterfaceOrientations_iPhone = "UIInterfaceOrientationPortrait UIInterfaceOrientationLandscapeLeft UIInterfaceOrientationLandscapeRight";
				IPHONEOS_DEPLOYMENT_TARGET = 15.0;
				LD_RUNPATH_SEARCH_PATHS = (
					"$(inherited)",
					"@executable_path/Frameworks",
				);
				MARKETING_VERSION = 1.0;
				PRODUCT_BUNDLE_IDENTIFIER = com.oshige.dev.PageTabViewStyleSample;
				PRODUCT_NAME = "$(TARGET_NAME)";
				SWIFT_EMIT_LOC_STRINGS = YES;
				SWIFT_VERSION = 5.0;
				TARGETED_DEVICE_FAMILY = "1,2";
			};
			name = Debug;
		};
		FF4FFF5626FD87F9008525F6 /* Release */ = {
			isa = XCBuildConfiguration;
			buildSettings = {
				ASSETCATALOG_COMPILER_APPICON_NAME = AppIcon;
				ASSETCATALOG_COMPILER_GLOBAL_ACCENT_COLOR_NAME = AccentColor;
				CODE_SIGN_STYLE = Automatic;
				CURRENT_PROJECT_VERSION = 1;
				DEVELOPMENT_ASSET_PATHS = "\"PageTabViewStyleSample/Preview Content\"";
				DEVELOPMENT_TEAM = EV28Y3W68P;
				ENABLE_PREVIEWS = YES;
				GENERATE_INFOPLIST_FILE = YES;
				INFOPLIST_KEY_UIApplicationSceneManifest_Generation = YES;
				INFOPLIST_KEY_UIApplicationSupportsIndirectInputEvents = YES;
				INFOPLIST_KEY_UILaunchScreen_Generation = YES;
				INFOPLIST_KEY_UISupportedInterfaceOrientations_iPad = "UIInterfaceOrientationPortrait UIInterfaceOrientationPortraitUpsideDown UIInterfaceOrientationLandscapeLeft UIInterfaceOrientationLandscapeRight";
				INFOPLIST_KEY_UISupportedInterfaceOrientations_iPhone = "UIInterfaceOrientationPortrait UIInterfaceOrientationLandscapeLeft UIInterfaceOrientationLandscapeRight";
				IPHONEOS_DEPLOYMENT_TARGET = 15.0;
				LD_RUNPATH_SEARCH_PATHS = (
					"$(inherited)",
					"@executable_path/Frameworks",
				);
				MARKETING_VERSION = 1.0;
				PRODUCT_BUNDLE_IDENTIFIER = com.oshige.dev.PageTabViewStyleSample;
				PRODUCT_NAME = "$(TARGET_NAME)";
				SWIFT_EMIT_LOC_STRINGS = YES;
				SWIFT_VERSION = 5.0;
				TARGETED_DEVICE_FAMILY = "1,2";
			};
			name = Release;
		};
/* End XCBuildConfiguration section */

/* Begin XCConfigurationList section */
		FF4FFF4126FD87F0008525F6 /* Build configuration list for PBXProject "PageTabViewStyleSample" */ = {
			isa = XCConfigurationList;
			buildConfigurations = (
				FF4FFF5226FD87F9008525F6 /* Debug */,
				FF4FFF5326FD87F9008525F6 /* Release */,
			);
			defaultConfigurationIsVisible = 0;
			defaultConfigurationName = Release;
		};
		FF4FFF5426FD87F9008525F6 /* Build configuration list for PBXNativeTarget "PageTabViewStyleSample" */ = {
			isa = XCConfigurationList;
			buildConfigurations = (
				FF4FFF5526FD87F9008525F6 /* Debug */,
				FF4FFF5626FD87F9008525F6 /* Release */,
			);
			defaultConfigurationIsVisible = 0;
			defaultConfigurationName = Release;
		};
/* End XCConfigurationList section */

/* Begin XCRemoteSwiftPackageReference section */
		52C34EA929727D420043876D /* XCRemoteSwiftPackageReference "InfiniteCalendar" */ = {
			isa = XCRemoteSwiftPackageReference;
			repositoryURL = "https://github.com/shohe/InfiniteCalendar.git";
			requirement = {
				kind = upToNextMajorVersion;
				minimumVersion = 0.2.9;
			};
		};
/* End XCRemoteSwiftPackageReference section */

/* Begin XCSwiftPackageProductDependency section */
		52C34EAA29727D420043876D /* InfiniteCalendar */ = {
			isa = XCSwiftPackageProductDependency;
			package = 52C34EA929727D420043876D /* XCRemoteSwiftPackageReference "InfiniteCalendar" */;
			productName = InfiniteCalendar;
		};
/* End XCSwiftPackageProductDependency section */
	};
	rootObject = FF4FFF3E26FD87F0008525F6 /* Project object */;
}
